// !$*UTF8*$!
{
	archiveVersion = 1;
	classes = {
	};
	objectVersion = 46;
	objects = {

/* Begin PBXBuildFile section */
		6A3FD4041E4AAFA0008AEBC1 /* SierpinskyViewController.m in Sources */ = {isa = PBXBuildFile; fileRef = 6A3FD4031E4AAFA0008AEBC1 /* SierpinskyViewController.m */; };
		6A3FD4071E4AB00A008AEBC1 /* ContainerViewController.m in Sources */ = {isa = PBXBuildFile; fileRef = 6A3FD4061E4AB00A008AEBC1 /* ContainerViewController.m */; };
		6A49D7DA1E5275A20069DBDE /* ViewHierarchyViewController.m in Sources */ = {isa = PBXBuildFile; fileRef = 6A49D7D91E5275A20069DBDE /* ViewHierarchyViewController.m */; };
		6A6271991E46D7650017BE54 /* TileCollectionViewCell.m in Sources */ = {isa = PBXBuildFile; fileRef = 6A6271981E46D7650017BE54 /* TileCollectionViewCell.m */; };
		6A9769DD1E4581B000C0800C /* main.m in Sources */ = {isa = PBXBuildFile; fileRef = 6A9769DC1E4581B000C0800C /* main.m */; };
		6A9769E01E4581B000C0800C /* AppDelegate.m in Sources */ = {isa = PBXBuildFile; fileRef = 6A9769DF1E4581B000C0800C /* AppDelegate.m */; };
		6A9769E61E4581B000C0800C /* Main.storyboard in Resources */ = {isa = PBXBuildFile; fileRef = 6A9769E41E4581B000C0800C /* Main.storyboard */; };
		6A9769E81E4581B000C0800C /* Assets.xcassets in Resources */ = {isa = PBXBuildFile; fileRef = 6A9769E71E4581B000C0800C /* Assets.xcassets */; };
		6A9769EB1E4581B000C0800C /* LaunchScreen.storyboard in Resources */ = {isa = PBXBuildFile; fileRef = 6A9769E91E4581B000C0800C /* LaunchScreen.storyboard */; };
		6A9769F41E4583A000C0800C /* GameCollectionViewController.m in Sources */ = {isa = PBXBuildFile; fileRef = 6A9769F31E4583A000C0800C /* GameCollectionViewController.m */; };
		6AF6DBAB1E512459009C2AAC /* BinaryTree.m in Sources */ = {isa = PBXBuildFile; fileRef = 6AF6DBAA1E512459009C2AAC /* BinaryTree.m */; };
		6AFF822D1E4E44B500B30813 /* AlgorithmManager.m in Sources */ = {isa = PBXBuildFile; fileRef = 6AFF822C1E4E44B500B30813 /* AlgorithmManager.m */; };
		6AFF82301E4E883800B30813 /* CribSheet.m in Sources */ = {isa = PBXBuildFile; fileRef = 6AFF822F1E4E883800B30813 /* CribSheet.m */; };
/* End PBXBuildFile section */

/* Begin PBXFileReference section */
		6A3FD4021E4AAFA0008AEBC1 /* SierpinskyViewController.h */ = {isa = PBXFileReference; fileEncoding = 4; lastKnownFileType = sourcecode.c.h; path = SierpinskyViewController.h; sourceTree = "<group>"; };
		6A3FD4031E4AAFA0008AEBC1 /* SierpinskyViewController.m */ = {isa = PBXFileReference; fileEncoding = 4; lastKnownFileType = sourcecode.c.objc; path = SierpinskyViewController.m; sourceTree = "<group>"; };
		6A3FD4051E4AB00A008AEBC1 /* ContainerViewController.h */ = {isa = PBXFileReference; fileEncoding = 4; lastKnownFileType = sourcecode.c.h; path = ContainerViewController.h; sourceTree = "<group>"; };
		6A3FD4061E4AB00A008AEBC1 /* ContainerViewController.m */ = {isa = PBXFileReference; fileEncoding = 4; lastKnownFileType = sourcecode.c.objc; path = ContainerViewController.m; sourceTree = "<group>"; };
		6A49D7D81E5275A20069DBDE /* ViewHierarchyViewController.h */ = {isa = PBXFileReference; fileEncoding = 4; lastKnownFileType = sourcecode.c.h; path = ViewHierarchyViewController.h; sourceTree = "<group>"; };
		6A49D7D91E5275A20069DBDE /* ViewHierarchyViewController.m */ = {isa = PBXFileReference; fileEncoding = 4; lastKnownFileType = sourcecode.c.objc; path = ViewHierarchyViewController.m; sourceTree = "<group>"; };
		6A6271971E46D7650017BE54 /* TileCollectionViewCell.h */ = {isa = PBXFileReference; fileEncoding = 4; lastKnownFileType = sourcecode.c.h; path = TileCollectionViewCell.h; sourceTree = "<group>"; };
		6A6271981E46D7650017BE54 /* TileCollectionViewCell.m */ = {isa = PBXFileReference; fileEncoding = 4; lastKnownFileType = sourcecode.c.objc; path = TileCollectionViewCell.m; sourceTree = "<group>"; };
		6A9769D81E4581B000C0800C /* Algorithms.app */ = {isa = PBXFileReference; explicitFileType = wrapper.application; includeInIndex = 0; path = Algorithms.app; sourceTree = BUILT_PRODUCTS_DIR; };
		6A9769DC1E4581B000C0800C /* main.m */ = {isa = PBXFileReference; lastKnownFileType = sourcecode.c.objc; path = main.m; sourceTree = "<group>"; };
		6A9769DE1E4581B000C0800C /* AppDelegate.h */ = {isa = PBXFileReference; lastKnownFileType = sourcecode.c.h; path = AppDelegate.h; sourceTree = "<group>"; };
		6A9769DF1E4581B000C0800C /* AppDelegate.m */ = {isa = PBXFileReference; lastKnownFileType = sourcecode.c.objc; path = AppDelegate.m; sourceTree = "<group>"; };
		6A9769E51E4581B000C0800C /* Base */ = {isa = PBXFileReference; lastKnownFileType = file.storyboard; name = Base; path = Base.lproj/Main.storyboard; sourceTree = "<group>"; };
		6A9769E71E4581B000C0800C /* Assets.xcassets */ = {isa = PBXFileReference; lastKnownFileType = folder.assetcatalog; path = Assets.xcassets; sourceTree = "<group>"; };
		6A9769EA1E4581B000C0800C /* Base */ = {isa = PBXFileReference; lastKnownFileType = file.storyboard; name = Base; path = Base.lproj/LaunchScreen.storyboard; sourceTree = "<group>"; };
		6A9769EC1E4581B000C0800C /* Info.plist */ = {isa = PBXFileReference; lastKnownFileType = text.plist.xml; path = Info.plist; sourceTree = "<group>"; };
		6A9769F21E4583A000C0800C /* GameCollectionViewController.h */ = {isa = PBXFileReference; fileEncoding = 4; lastKnownFileType = sourcecode.c.h; path = GameCollectionViewController.h; sourceTree = "<group>"; };
		6A9769F31E4583A000C0800C /* GameCollectionViewController.m */ = {isa = PBXFileReference; fileEncoding = 4; lastKnownFileType = sourcecode.c.objc; path = GameCollectionViewController.m; sourceTree = "<group>"; };
		6AF6DBA91E512459009C2AAC /* BinaryTree.h */ = {isa = PBXFileReference; fileEncoding = 4; lastKnownFileType = sourcecode.c.h; path = BinaryTree.h; sourceTree = "<group>"; };
		6AF6DBAA1E512459009C2AAC /* BinaryTree.m */ = {isa = PBXFileReference; fileEncoding = 4; lastKnownFileType = sourcecode.c.objc; path = BinaryTree.m; sourceTree = "<group>"; };
		6AFF822B1E4E44B500B30813 /* AlgorithmManager.h */ = {isa = PBXFileReference; fileEncoding = 4; lastKnownFileType = sourcecode.c.h; path = AlgorithmManager.h; sourceTree = "<group>"; };
		6AFF822C1E4E44B500B30813 /* AlgorithmManager.m */ = {isa = PBXFileReference; fileEncoding = 4; lastKnownFileType = sourcecode.c.objc; path = AlgorithmManager.m; sourceTree = "<group>"; };
		6AFF822E1E4E883800B30813 /* CribSheet.h */ = {isa = PBXFileReference; fileEncoding = 4; lastKnownFileType = sourcecode.c.h; path = CribSheet.h; sourceTree = "<group>"; };
		6AFF822F1E4E883800B30813 /* CribSheet.m */ = {isa = PBXFileReference; fileEncoding = 4; lastKnownFileType = sourcecode.c.objc; path = CribSheet.m; sourceTree = "<group>"; };
/* End PBXFileReference section */

/* Begin PBXFrameworksBuildPhase section */
		6A9769D51E4581B000C0800C /* Frameworks */ = {
			isa = PBXFrameworksBuildPhase;
			buildActionMask = 2147483647;
			files = (
			);
			runOnlyForDeploymentPostprocessing = 0;
		};
/* End PBXFrameworksBuildPhase section */

/* Begin PBXGroup section */
		6A03E5EA1E52743700AF4DFA /* View Controllers */ = {
			isa = PBXGroup;
			children = (
				6A3FD4051E4AB00A008AEBC1 /* ContainerViewController.h */,
				6A3FD4061E4AB00A008AEBC1 /* ContainerViewController.m */,
				6A9769F21E4583A000C0800C /* GameCollectionViewController.h */,
				6A9769F31E4583A000C0800C /* GameCollectionViewController.m */,
				6A49D7D81E5275A20069DBDE /* ViewHierarchyViewController.h */,
				6A49D7D91E5275A20069DBDE /* ViewHierarchyViewController.m */,
				6A3FD4021E4AAFA0008AEBC1 /* SierpinskyViewController.h */,
				6A3FD4031E4AAFA0008AEBC1 /* SierpinskyViewController.m */,
			);
			name = "View Controllers";
			sourceTree = "<group>";
		};
		6A9769CF1E4581AF00C0800C = {
			isa = PBXGroup;
			children = (
				6A9769DA1E4581B000C0800C /* Algorithms */,
				6A9769D91E4581B000C0800C /* Products */,
			);
			sourceTree = "<group>";
		};
		6A9769D91E4581B000C0800C /* Products */ = {
			isa = PBXGroup;
			children = (
				6A9769D81E4581B000C0800C /* Algorithms.app */,
			);
			name = Products;
			sourceTree = "<group>";
		};
		6A9769DA1E4581B000C0800C /* Algorithms */ = {
			isa = PBXGroup;
			children = (
				6A9769DE1E4581B000C0800C /* AppDelegate.h */,
				6A9769DF1E4581B000C0800C /* AppDelegate.m */,
				6A03E5EA1E52743700AF4DFA /* View Controllers */,
				6AFF822E1E4E883800B30813 /* CribSheet.h */,
				6AFF822F1E4E883800B30813 /* CribSheet.m */,
				6AFF822B1E4E44B500B30813 /* AlgorithmManager.h */,
				6AFF822C1E4E44B500B30813 /* AlgorithmManager.m */,
				6AF6DBA91E512459009C2AAC /* BinaryTree.h */,
				6AF6DBAA1E512459009C2AAC /* BinaryTree.m */,
				6A6271971E46D7650017BE54 /* TileCollectionViewCell.h */,
				6A6271981E46D7650017BE54 /* TileCollectionViewCell.m */,
				6A9769E41E4581B000C0800C /* Main.storyboard */,
				6A9769E71E4581B000C0800C /* Assets.xcassets */,
				6A9769E91E4581B000C0800C /* LaunchScreen.storyboard */,
				6A9769EC1E4581B000C0800C /* Info.plist */,
				6A9769DB1E4581B000C0800C /* Supporting Files */,
			);
			path = Algorithms;
			sourceTree = "<group>";
		};
		6A9769DB1E4581B000C0800C /* Supporting Files */ = {
			isa = PBXGroup;
			children = (
				6A9769DC1E4581B000C0800C /* main.m */,
			);
			name = "Supporting Files";
			sourceTree = "<group>";
		};
/* End PBXGroup section */

/* Begin PBXNativeTarget section */
		6A9769D71E4581B000C0800C /* Algorithms */ = {
			isa = PBXNativeTarget;
			buildConfigurationList = 6A9769EF1E4581B000C0800C /* Build configuration list for PBXNativeTarget "Algorithms" */;
			buildPhases = (
				6A9769D41E4581B000C0800C /* Sources */,
				6A9769D51E4581B000C0800C /* Frameworks */,
				6A9769D61E4581B000C0800C /* Resources */,
			);
			buildRules = (
			);
			dependencies = (
			);
			name = Algorithms;
			productName = Algorithms;
			productReference = 6A9769D81E4581B000C0800C /* Algorithms.app */;
			productType = "com.apple.product-type.application";
		};
/* End PBXNativeTarget section */

/* Begin PBXProject section */
		6A9769D01E4581B000C0800C /* Project object */ = {
			isa = PBXProject;
			attributes = {
				LastUpgradeCheck = 0810;
				ORGANIZATIONNAME = "Maxime Boulat";
				TargetAttributes = {
					6A9769D71E4581B000C0800C = {
						CreatedOnToolsVersion = 8.1;
						DevelopmentTeam = NVV8DM5TFN;
						ProvisioningStyle = Automatic;
					};
				};
			};
			buildConfigurationList = 6A9769D31E4581B000C0800C /* Build configuration list for PBXProject "Algorithms" */;
			compatibilityVersion = "Xcode 3.2";
			developmentRegion = English;
			hasScannedForEncodings = 0;
			knownRegions = (
				en,
				Base,
			);
			mainGroup = 6A9769CF1E4581AF00C0800C;
			productRefGroup = 6A9769D91E4581B000C0800C /* Products */;
			projectDirPath = "";
			projectRoot = "";
			targets = (
				6A9769D71E4581B000C0800C /* Algorithms */,
			);
		};
/* End PBXProject section */

/* Begin PBXResourcesBuildPhase section */
		6A9769D61E4581B000C0800C /* Resources */ = {
			isa = PBXResourcesBuildPhase;
			buildActionMask = 2147483647;
			files = (
				6A9769EB1E4581B000C0800C /* LaunchScreen.storyboard in Resources */,
				6A9769E81E4581B000C0800C /* Assets.xcassets in Resources */,
				6A9769E61E4581B000C0800C /* Main.storyboard in Resources */,
			);
			runOnlyForDeploymentPostprocessing = 0;
		};
/* End PBXResourcesBuildPhase section */

/* Begin PBXSourcesBuildPhase section */
		6A9769D41E4581B000C0800C /* Sources */ = {
			isa = PBXSourcesBuildPhase;
			buildActionMask = 2147483647;
			files = (
				6A9769E01E4581B000C0800C /* AppDelegate.m in Sources */,
				6AF6DBAB1E512459009C2AAC /* BinaryTree.m in Sources */,
				6A6271991E46D7650017BE54 /* TileCollectionViewCell.m in Sources */,
				6A49D7DA1E5275A20069DBDE /* ViewHierarchyViewController.m in Sources */,
				6A3FD4071E4AB00A008AEBC1 /* ContainerViewController.m in Sources */,
				6A9769F41E4583A000C0800C /* GameCollectionViewController.m in Sources */,
				6AFF822D1E4E44B500B30813 /* AlgorithmManager.m in Sources */,
				6A9769DD1E4581B000C0800C /* main.m in Sources */,
				6A3FD4041E4AAFA0008AEBC1 /* SierpinskyViewController.m in Sources */,
				6AFF82301E4E883800B30813 /* CribSheet.m in Sources */,
			);
			runOnlyForDeploymentPostprocessing = 0;
		};
/* End PBXSourcesBuildPhase section */

/* Begin PBXVariantGroup section */
		6A9769E41E4581B000C0800C /* Main.storyboard */ = {
			isa = PBXVariantGroup;
			children = (
				6A9769E51E4581B000C0800C /* Base */,
			);
			name = Main.storyboard;
			sourceTree = "<group>";
		};
		6A9769E91E4581B000C0800C /* LaunchScreen.storyboard */ = {
			isa = PBXVariantGroup;
			children = (
				6A9769EA1E4581B000C0800C /* Base */,
			);
			name = LaunchScreen.storyboard;
			sourceTree = "<group>";
		};
/* End PBXVariantGroup section */

/* Begin XCBuildConfiguration section */
		6A9769ED1E4581B000C0800C /* Debug */ = {
			isa = XCBuildConfiguration;
			buildSettings = {
				ALWAYS_SEARCH_USER_PATHS = NO;
				CLANG_ANALYZER_NONNULL = YES;
				CLANG_CXX_LANGUAGE_STANDARD = "gnu++0x";
				CLANG_CXX_LIBRARY = "libc++";
				CLANG_ENABLE_MODULES = YES;
				CLANG_ENABLE_OBJC_ARC = YES;
				CLANG_WARN_BOOL_CONVERSION = YES;
				CLANG_WARN_CONSTANT_CONVERSION = YES;
				CLANG_WARN_DIRECT_OBJC_ISA_USAGE = YES_ERROR;
				CLANG_WARN_DOCUMENTATION_COMMENTS = YES;
				CLANG_WARN_EMPTY_BODY = YES;
				CLANG_WARN_ENUM_CONVERSION = YES;
				CLANG_WARN_INFINITE_RECURSION = YES;
				CLANG_WARN_INT_CONVERSION = YES;
				CLANG_WARN_OBJC_ROOT_CLASS = YES_ERROR;
				CLANG_WARN_SUSPICIOUS_MOVES = YES;
				CLANG_WARN_UNREACHABLE_CODE = YES;
				CLANG_WARN__DUPLICATE_METHOD_MATCH = YES;
				"CODE_SIGN_IDENTITY[sdk=iphoneos*]" = "iPhone Developer";
				COPY_PHASE_STRIP = NO;
				DEBUG_INFORMATION_FORMAT = dwarf;
				ENABLE_STRICT_OBJC_MSGSEND = YES;
				ENABLE_TESTABILITY = YES;
				GCC_C_LANGUAGE_STANDARD = gnu99;
				GCC_DYNAMIC_NO_PIC = NO;
				GCC_NO_COMMON_BLOCKS = YES;
				GCC_OPTIMIZATION_LEVEL = 0;
				GCC_PREPROCESSOR_DEFINITIONS = (
					"DEBUG=1",
					"$(inherited)",
				);
				GCC_WARN_64_TO_32_BIT_CONVERSION = YES;
				GCC_WARN_ABOUT_RETURN_TYPE = YES_ERROR;
				GCC_WARN_UNDECLARED_SELECTOR = YES;
				GCC_WARN_UNINITIALIZED_AUTOS = YES_AGGRESSIVE;
				GCC_WARN_UNUSED_FUNCTION = YES;
				GCC_WARN_UNUSED_VARIABLE = YES;
				IPHONEOS_DEPLOYMENT_TARGET = 10.1;
				MTL_ENABLE_DEBUG_INFO = YES;
				ONLY_ACTIVE_ARCH = YES;
				SDKROOT = iphoneos;
				TARGETED_DEVICE_FAMILY = "1,2";
			};
			name = Debug;
		};
		6A9769EE1E4581B000C0800C /* Release */ = {
			isa = XCBuildConfiguration;
			buildSettings = {
				ALWAYS_SEARCH_USER_PATHS = NO;
				CLANG_ANALYZER_NONNULL = YES;
				CLANG_CXX_LANGUAGE_STANDARD = "gnu++0x";
				CLANG_CXX_LIBRARY = "libc++";
				CLANG_ENABLE_MODULES = YES;
				CLANG_ENABLE_OBJC_ARC = YES;
				CLANG_WARN_BOOL_CONVERSION = YES;
				CLANG_WARN_CONSTANT_CONVERSION = YES;
				CLANG_WARN_DIRECT_OBJC_ISA_USAGE = YES_ERROR;
				CLANG_WARN_DOCUMENTATION_COMMENTS = YES;
				CLANG_WARN_EMPTY_BODY = YES;
				CLANG_WARN_ENUM_CONVERSION = YES;
				CLANG_WARN_INFINITE_RECURSION = YES;
				CLANG_WARN_INT_CONVERSION = YES;
				CLANG_WARN_OBJC_ROOT_CLASS = YES_ERROR;
				CLANG_WARN_SUSPICIOUS_MOVES = YES;
				CLANG_WARN_UNREACHABLE_CODE = YES;
				CLANG_WARN__DUPLICATE_METHOD_MATCH = YES;
				"CODE_SIGN_IDENTITY[sdk=iphoneos*]" = "iPhone Developer";
				COPY_PHASE_STRIP = NO;
				DEBUG_INFORMATION_FORMAT = "dwarf-with-dsym";
				ENABLE_NS_ASSERTIONS = NO;
				ENABLE_STRICT_OBJC_MSGSEND = YES;
				GCC_C_LANGUAGE_STANDARD = gnu99;
				GCC_NO_COMMON_BLOCKS = YES;
				GCC_WARN_64_TO_32_BIT_CONVERSION = YES;
				GCC_WARN_ABOUT_RETURN_TYPE = YES_ERROR;
				GCC_WARN_UNDECLARED_SELECTOR = YES;
				GCC_WARN_UNINITIALIZED_AUTOS = YES_AGGRESSIVE;
				GCC_WARN_UNUSED_FUNCTION = YES;
				GCC_WARN_UNUSED_VARIABLE = YES;
				IPHONEOS_DEPLOYMENT_TARGET = 10.1;
				MTL_ENABLE_DEBUG_INFO = NO;
				SDKROOT = iphoneos;
				TARGETED_DEVICE_FAMILY = "1,2";
				VALIDATE_PRODUCT = YES;
			};
			name = Release;
		};
		6A9769F01E4581B000C0800C /* Debug */ = {
			isa = XCBuildConfiguration;
			buildSettings = {
				ASSETCATALOG_COMPILER_APPICON_NAME = AppIcon;
				DEVELOPMENT_TEAM = NVV8DM5TFN;
				INFOPLIST_FILE = Algorithms/Info.plist;
				LD_RUNPATH_SEARCH_PATHS = "$(inherited) @executable_path/Frameworks";
				PRODUCT_BUNDLE_IDENTIFIER = com.FocusRealm.Algorithms;
				PRODUCT_NAME = "$(TARGET_NAME)";
			};
			name = Debug;
		};
		6A9769F11E4581B000C0800C /* Release */ = {
			isa = XCBuildConfiguration;
			buildSettings = {
				ASSETCATALOG_COMPILER_APPICON_NAME = AppIcon;
				DEVELOPMENT_TEAM = NVV8DM5TFN;
				INFOPLIST_FILE = Algorithms/Info.plist;
				LD_RUNPATH_SEARCH_PATHS = "$(inherited) @executable_path/Frameworks";
				PRODUCT_BUNDLE_IDENTIFIER = com.FocusRealm.Algorithms;
				PRODUCT_NAME = "$(TARGET_NAME)";
			};
			name = Release;
		};
/* End XCBuildConfiguration section */

/* Begin XCConfigurationList section */
		6A9769D31E4581B000C0800C /* Build configuration list for PBXProject "Algorithms" */ = {
			isa = XCConfigurationList;
			buildConfigurations = (
				6A9769ED1E4581B000C0800C /* Debug */,
				6A9769EE1E4581B000C0800C /* Release */,
			);
			defaultConfigurationIsVisible = 0;
			defaultConfigurationName = Release;
		};
		6A9769EF1E4581B000C0800C /* Build configuration list for PBXNativeTarget "Algorithms" */ = {
			isa = XCConfigurationList;
			buildConfigurations = (
				6A9769F01E4581B000C0800C /* Debug */,
				6A9769F11E4581B000C0800C /* Release */,
			);
			defaultConfigurationIsVisible = 0;
			defaultConfigurationName = Release;
		};
/* End XCConfigurationList section */
	};
	rootObject = 6A9769D01E4581B000C0800C /* Project object */;
}
